
Microsoft Visual Studio Solution File, Format Version 12.00
# Visual Studio Version 17
VisualStudioVersion = 17.8.34408.163
MinimumVisualStudioVersion = 10.0.40219.1
Project("{FAE04EC0-301F-11D3-BF4B-00C04F79EFBC}") = "Ejemplo_1", "Ejemplo_1\Ejemplo_1.csproj", "{6F788966-E551-4E8B-AD96-00E6390BEBA3}"
EndProject
Project("{FAE04EC0-301F-11D3-BF4B-00C04F79EFBC}") = "Ejemplo_2", "Ejemplo_2\Ejemplo_2.csproj", "{05C5619B-162C-4A66-8237-B0E99E83B97C}"
EndProject
Project("{FAE04EC0-301F-11D3-BF4B-00C04F79EFBC}") = "Ejemplo_3", "Ejemplo_3\Ejemplo_3.csproj", "{8BDA86CF-6514-4F11-943E-262ED9CA5992}"
EndProject
Project("{FAE04EC0-301F-11D3-BF4B-00C04F79EFBC}") = "Ejemplo_4", "Ejemplo_4\Ejemplo_4.csproj", "{AD408385-A9B9-4B7B-934E-FF51611F9318}"
EndProject
Project("{2150E333-8FDC-42A3-9474-1A3956D46DE8}") = "Ejercicios", "Ejercicios", "{8BBBF1FB-3A60-49FC-8651-DE1E5DF0D749}"
EndProject
Project("{FAE04EC0-301F-11D3-BF4B-00C04F79EFBC}") = "Ejercicio_2", "Ejercicio_2\Ejercicio_2.csproj", "{87034375-C161-4498-9A35-6139E9A1CF67}"
EndProject
Global
	GlobalSection(SolutionConfigurationPlatforms) = preSolution
		Debug|Any CPU = Debug|Any CPU
		Release|Any CPU = Release|Any CPU
	EndGlobalSection
	GlobalSection(ProjectConfigurationPlatforms) = postSolution
		{6F788966-E551-4E8B-AD96-00E6390BEBA3}.Debug|Any CPU.ActiveCfg = Debug|Any CPU
		{6F788966-E551-4E8B-AD96-00E6390BEBA3}.Debug|Any CPU.Build.0 = Debug|Any CPU
		{6F788966-E551-4E8B-AD96-00E6390BEBA3}.Release|Any CPU.ActiveCfg = Release|Any CPU
		{6F788966-E551-4E8B-AD96-00E6390BEBA3}.Release|Any CPU.Build.0 = Release|Any CPU
		{05C5619B-162C-4A66-8237-B0E99E83B97C}.Debug|Any CPU.ActiveCfg = Debug|Any CPU
		{05C5619B-162C-4A66-8237-B0E99E83B97C}.Debug|Any CPU.Build.0 = Debug|Any CPU
		{05C5619B-162C-4A66-8237-B0E99E83B97C}.Release|Any CPU.ActiveCfg = Release|Any CPU
		{05C5619B-162C-4A66-8237-B0E99E83B97C}.Release|Any CPU.Build.0 = Release|Any CPU
		{8BDA86CF-6514-4F11-943E-262ED9CA5992}.Debug|Any CPU.ActiveCfg = Debug|Any CPU
		{8BDA86CF-6514-4F11-943E-262ED9CA5992}.Debug|Any CPU.Build.0 = Debug|Any CPU
		{8BDA86CF-6514-4F11-943E-262ED9CA5992}.Release|Any CPU.ActiveCfg = Release|Any CPU
		{8BDA86CF-6514-4F11-943E-262ED9CA5992}.Release|Any CPU.Build.0 = Release|Any CPU
		{AD408385-A9B9-4B7B-934E-FF51611F9318}.Debug|Any CPU.ActiveCfg = Debug|Any CPU
		{AD408385-A9B9-4B7B-934E-FF51611F9318}.Debug|Any CPU.Build.0 = Debug|Any CPU
		{AD408385-A9B9-4B7B-934E-FF51611F9318}.Release|Any CPU.ActiveCfg = Release|Any CPU
		{AD408385-A9B9-4B7B-934E-FF51611F9318}.Release|Any CPU.Build.0 = Release|Any CPU
		{87034375-C161-4498-9A35-6139E9A1CF67}.Debug|Any CPU.ActiveCfg = Debug|Any CPU
		{87034375-C161-4498-9A35-6139E9A1CF67}.Debug|Any CPU.Build.0 = Debug|Any CPU
		{87034375-C161-4498-9A35-6139E9A1CF67}.Release|Any CPU.ActiveCfg = Release|Any CPU
		{87034375-C161-4498-9A35-6139E9A1CF67}.Release|Any CPU.Build.0 = Release|Any CPU
	EndGlobalSection
	GlobalSection(SolutionProperties) = preSolution
		HideSolutionNode = FALSE
	EndGlobalSection
	GlobalSection(NestedProjects) = preSolution
		{87034375-C161-4498-9A35-6139E9A1CF67} = {8BBBF1FB-3A60-49FC-8651-DE1E5DF0D749}
	EndGlobalSection
	GlobalSection(ExtensibilityGlobals) = postSolution
		SolutionGuid = {4F7578F3-7503-4CFB-89A4-9AFA11752045}
	EndGlobalSection
EndGlobal
