
Microsoft Visual Studio Solution File, Format Version 12.00
# Visual Studio Version 17
VisualStudioVersion = 17.8.34408.163
MinimumVisualStudioVersion = 10.0.40219.1
Project("{FAE04EC0-301F-11D3-BF4B-00C04F79EFBC}") = "Ejemplo_1", "Ejemplo_1\Ejemplo_1.csproj", "{6F788966-E551-4E8B-AD96-00E6390BEBA3}"
EndProject
Project("{FAE04EC0-301F-11D3-BF4B-00C04F79EFBC}") = "Ejemplo_2", "Ejemplo_2\Ejemplo_2.csproj", "{05C5619B-162C-4A66-8237-B0E99E83B97C}"
EndProject
Project("{FAE04EC0-301F-11D3-BF4B-00C04F79EFBC}") = "Ejemplo_3", "Ejemplo_3\Ejemplo_3.csproj", "{8BDA86CF-6514-4F11-943E-262ED9CA5992}"
EndProject
Project("{FAE04EC0-301F-11D3-BF4B-00C04F79EFBC}") = "Ejemplo_4", "Ejemplo_4\Ejemplo_4.csproj", "{AD408385-A9B9-4B7B-934E-FF51611F9318}"
EndProject
Project("{2150E333-8FDC-42A3-9474-1A3956D46DE8}") = "Ejercicios", "Ejercicios", "{8BBBF1FB-3A60-49FC-8651-DE1E5DF0D749}"
EndProject
Project("{FAE04EC0-301F-11D3-BF4B-00C04F79EFBC}") = "Ejercicio_2", "Ejercicio_2\Ejercicio_2.csproj", "{87034375-C161-4498-9A35-6139E9A1CF67}"
EndProject
Project("{2150E333-8FDC-42A3-9474-1A3956D46DE8}") = "Ejemplos", "Ejemplos", "{9CD12E75-3DE4-43FB-9091-511DC01B54CA}"
EndProject
Project("{2150E333-8FDC-42A3-9474-1A3956D46DE8}") = "Investigaciones", "Investigaciones", "{D579C335-3327-4F07-BBF6-047E637D73DF}"
EndProject
Project("{FAE04EC0-301F-11D3-BF4B-00C04F79EFBC}") = "Investigacion_1", "Investigacion_1\Investigacion_1.csproj", "{15EB49C8-BA59-4C22-AFD4-6D4165662198}"
EndProject
Project("{FAE04EC0-301F-11D3-BF4B-00C04F79EFBC}") = "Investigacion_2", "Investigacion_2\Investigacion_2.csproj", "{EF01C773-3241-4F5E-83BD-5DB3DCF0CB76}"
EndProject
Project("{FAE04EC0-301F-11D3-BF4B-00C04F79EFBC}") = "Investigacion_3", "Investigacion_3\Investigacion_3.csproj", "{5EFC336A-BEF9-46B1-B509-C5E7815276A0}"
EndProject
Global
	GlobalSection(SolutionConfigurationPlatforms) = preSolution
		Debug|Any CPU = Debug|Any CPU
		Release|Any CPU = Release|Any CPU
	EndGlobalSection
	GlobalSection(ProjectConfigurationPlatforms) = postSolution
		{6F788966-E551-4E8B-AD96-00E6390BEBA3}.Debug|Any CPU.ActiveCfg = Debug|Any CPU
		{6F788966-E551-4E8B-AD96-00E6390BEBA3}.Debug|Any CPU.Build.0 = Debug|Any CPU
		{6F788966-E551-4E8B-AD96-00E6390BEBA3}.Release|Any CPU.ActiveCfg = Release|Any CPU
		{6F788966-E551-4E8B-AD96-00E6390BEBA3}.Release|Any CPU.Build.0 = Release|Any CPU
		{05C5619B-162C-4A66-8237-B0E99E83B97C}.Debug|Any CPU.ActiveCfg = Debug|Any CPU
		{05C5619B-162C-4A66-8237-B0E99E83B97C}.Debug|Any CPU.Build.0 = Debug|Any CPU
		{05C5619B-162C-4A66-8237-B0E99E83B97C}.Release|Any CPU.ActiveCfg = Release|Any CPU
		{05C5619B-162C-4A66-8237-B0E99E83B97C}.Release|Any CPU.Build.0 = Release|Any CPU
		{8BDA86CF-6514-4F11-943E-262ED9CA5992}.Debug|Any CPU.ActiveCfg = Debug|Any CPU
		{8BDA86CF-6514-4F11-943E-262ED9CA5992}.Debug|Any CPU.Build.0 = Debug|Any CPU
		{8BDA86CF-6514-4F11-943E-262ED9CA5992}.Release|Any CPU.ActiveCfg = Release|Any CPU
		{8BDA86CF-6514-4F11-943E-262ED9CA5992}.Release|Any CPU.Build.0 = Release|Any CPU
		{AD408385-A9B9-4B7B-934E-FF51611F9318}.Debug|Any CPU.ActiveCfg = Debug|Any CPU
		{AD408385-A9B9-4B7B-934E-FF51611F9318}.Debug|Any CPU.Build.0 = Debug|Any CPU
		{AD408385-A9B9-4B7B-934E-FF51611F9318}.Release|Any CPU.ActiveCfg = Release|Any CPU
		{AD408385-A9B9-4B7B-934E-FF51611F9318}.Release|Any CPU.Build.0 = Release|Any CPU
		{87034375-C161-4498-9A35-6139E9A1CF67}.Debug|Any CPU.ActiveCfg = Debug|Any CPU
		{87034375-C161-4498-9A35-6139E9A1CF67}.Debug|Any CPU.Build.0 = Debug|Any CPU
		{87034375-C161-4498-9A35-6139E9A1CF67}.Release|Any CPU.ActiveCfg = Release|Any CPU
		{87034375-C161-4498-9A35-6139E9A1CF67}.Release|Any CPU.Build.0 = Release|Any CPU
		{15EB49C8-BA59-4C22-AFD4-6D4165662198}.Debug|Any CPU.ActiveCfg = Debug|Any CPU
		{15EB49C8-BA59-4C22-AFD4-6D4165662198}.Debug|Any CPU.Build.0 = Debug|Any CPU
		{15EB49C8-BA59-4C22-AFD4-6D4165662198}.Release|Any CPU.ActiveCfg = Release|Any CPU
		{15EB49C8-BA59-4C22-AFD4-6D4165662198}.Release|Any CPU.Build.0 = Release|Any CPU
		{EF01C773-3241-4F5E-83BD-5DB3DCF0CB76}.Debug|Any CPU.ActiveCfg = Debug|Any CPU
		{EF01C773-3241-4F5E-83BD-5DB3DCF0CB76}.Debug|Any CPU.Build.0 = Debug|Any CPU
		{EF01C773-3241-4F5E-83BD-5DB3DCF0CB76}.Release|Any CPU.ActiveCfg = Release|Any CPU
		{EF01C773-3241-4F5E-83BD-5DB3DCF0CB76}.Release|Any CPU.Build.0 = Release|Any CPU
		{5EFC336A-BEF9-46B1-B509-C5E7815276A0}.Debug|Any CPU.ActiveCfg = Debug|Any CPU
		{5EFC336A-BEF9-46B1-B509-C5E7815276A0}.Debug|Any CPU.Build.0 = Debug|Any CPU
		{5EFC336A-BEF9-46B1-B509-C5E7815276A0}.Release|Any CPU.ActiveCfg = Release|Any CPU
		{5EFC336A-BEF9-46B1-B509-C5E7815276A0}.Release|Any CPU.Build.0 = Release|Any CPU
	EndGlobalSection
	GlobalSection(SolutionProperties) = preSolution
		HideSolutionNode = FALSE
	EndGlobalSection
	GlobalSection(NestedProjects) = preSolution
		{6F788966-E551-4E8B-AD96-00E6390BEBA3} = {9CD12E75-3DE4-43FB-9091-511DC01B54CA}
		{05C5619B-162C-4A66-8237-B0E99E83B97C} = {9CD12E75-3DE4-43FB-9091-511DC01B54CA}
		{8BDA86CF-6514-4F11-943E-262ED9CA5992} = {9CD12E75-3DE4-43FB-9091-511DC01B54CA}
		{AD408385-A9B9-4B7B-934E-FF51611F9318} = {9CD12E75-3DE4-43FB-9091-511DC01B54CA}
		{87034375-C161-4498-9A35-6139E9A1CF67} = {8BBBF1FB-3A60-49FC-8651-DE1E5DF0D749}
		{15EB49C8-BA59-4C22-AFD4-6D4165662198} = {D579C335-3327-4F07-BBF6-047E637D73DF}
		{EF01C773-3241-4F5E-83BD-5DB3DCF0CB76} = {D579C335-3327-4F07-BBF6-047E637D73DF}
		{5EFC336A-BEF9-46B1-B509-C5E7815276A0} = {D579C335-3327-4F07-BBF6-047E637D73DF}
	EndGlobalSection
	GlobalSection(ExtensibilityGlobals) = postSolution
		SolutionGuid = {4F7578F3-7503-4CFB-89A4-9AFA11752045}
	EndGlobalSection
EndGlobal
